<?xml version="1.0" encoding="utf-8"?>
<Project ToolsVersion="4.0" xmlns="http://schemas.microsoft.com/developer/msbuild/2003">
  <ItemGroup>
    <ClInclude Include="Invork.h" />
    <ClInclude Include="Test.h" />
  </ItemGroup>
  <ItemGroup>
    <ClCompile Include="Invork.cpp" />
    <ClCompile Include="Test.cpp" />
    <ClCompile Include="swig\Core_wrap.cxx">
      <Filter>swig</Filter>
    </ClCompile>
  </ItemGroup>
  <ItemGroup>
    <Filter Include="swig">
      <UniqueIdentifier>{850778ba-ce68-45fb-9fce-f195b942b2e3}</UniqueIdentifier>
    </Filter>
  </ItemGroup>
  <ItemGroup>
    <CustomBuild Include="swig\Core.i">
      <Filter>swig</Filter>
    </CustomBuild>
  </ItemGroup>
</Project>