
Microsoft Visual Studio Solution File, Format Version 11.00
# Visual Studio 2010
Project("{8BC9CEB8-8B4A-11D0-8D11-00A0C91BC942}") = "Core", "Core\Core.vcxproj", "{0156547A-7346-4199-A3EC-0778EBB5E74C}"
EndProject
Global
	GlobalSection(SolutionConfigurationPlatforms) = preSolution
		Debug|Itanium = Debug|Itanium
		Debug|Win32 = Debug|Win32
		Release|Itanium = Release|Itanium
		Release|Win32 = Release|Win32
	EndGlobalSection
	GlobalSection(ProjectConfigurationPlatforms) = postSolution
		{0156547A-7346-4199-A3EC-0778EBB5E74C}.Debug|Itanium.ActiveCfg = Debug|x64
		{0156547A-7346-4199-A3EC-0778EBB5E74C}.Debug|Itanium.Build.0 = Debug|x64
		{0156547A-7346-4199-A3EC-0778EBB5E74C}.Debug|Win32.ActiveCfg = Debug|x64
		{0156547A-7346-4199-A3EC-0778EBB5E74C}.Debug|Win32.Build.0 = Debug|x64
		{0156547A-7346-4199-A3EC-0778EBB5E74C}.Release|Itanium.ActiveCfg = Release|Itanium
		{0156547A-7346-4199-A3EC-0778EBB5E74C}.Release|Itanium.Build.0 = Release|Itanium
		{0156547A-7346-4199-A3EC-0778EBB5E74C}.Release|Win32.ActiveCfg = Release|Win32
		{0156547A-7346-4199-A3EC-0778EBB5E74C}.Release|Win32.Build.0 = Release|Win32
	EndGlobalSection
	GlobalSection(SolutionProperties) = preSolution
		HideSolutionNode = FALSE
	EndGlobalSection
EndGlobal
